
Microsoft Visual Studio Solution File, Format Version 12.00
# Visual Studio Version 16
VisualStudioVersion = 16.0.31702.278
MinimumVisualStudioVersion = 10.0.40219.1
Project("{FAE04EC0-301F-11D3-BF4B-00C04F79EFBC}") = "EasyCSharp", "EasyCSharp.csproj", "{6C9793BC-AFE9-459F-ACB8-08F7157BB139}"
EndProject
Global
	GlobalSection(SolutionConfigurationPlatforms) = preSolution
		Debug|Any CPU = Debug|Any CPU
		Release|Any CPU = Release|Any CPU
	EndGlobalSection
	GlobalSection(ProjectConfigurationPlatforms) = postSolution
		{6C9793BC-AFE9-459F-ACB8-08F7157BB139}.Debug|Any CPU.ActiveCfg = Debug|Any CPU
		{6C9793BC-AFE9-459F-ACB8-08F7157BB139}.Debug|Any CPU.Build.0 = Debug|Any CPU
		{6C9793BC-AFE9-459F-ACB8-08F7157BB139}.Release|Any CPU.ActiveCfg = Release|Any CPU
		{6C9793BC-AFE9-459F-ACB8-08F7157BB139}.Release|Any CPU.Build.0 = Release|Any CPU
	EndGlobalSection
	GlobalSection(SolutionProperties) = preSolution
		HideSolutionNode = FALSE
	EndGlobalSection
	GlobalSection(ExtensibilityGlobals) = postSolution
		SolutionGuid = {3476C3D5-F4D9-4B2F-8889-E8E77E56EBC1}
	EndGlobalSection
EndGlobal
